<?xml version="1.0" encoding="utf-8"?>
<Project ToolsVersion="4.0" xmlns="http://schemas.microsoft.com/developer/msbuild/2003">
  <ItemGroup>
    <Filter Include="Common">
      <UniqueIdentifier>3f8ecd64-ebe3-4f10-a656-f6e56846cc1c</UniqueIdentifier>
    </Filter>
    <Filter Include="Assets">
      <UniqueIdentifier>2ad55dcb-8de4-4290-a505-3271c3caf648</UniqueIdentifier>
      <Extensions>bmp;fbx;gif;jpg;jpeg;tga;tiff;tif;png</Extensions>
    </Filter>
	<Filter Include="Content">
      <UniqueIdentifier>42368799-d4fc-4879-8b0e-17d9d03393f3</UniqueIdentifier>
    </Filter>
    <Image Include="Assets\Logo.png">
      <Filter>Assets</Filter>
    </Image>
    <Image Include="Assets\SmallLogo.png">
      <Filter>Assets</Filter>
    </Image>
    <Image Include="Assets\StoreLogo.png">
      <Filter>Assets</Filter>
    </Image>
    <Image Include="Assets\SplashScreen.png">
      <Filter>Assets</Filter>
    </Image>
  </ItemGroup>
</Project>